# This file is automatically @generated by Cargo.
# It is not intended for manual editing.
version = 3

[[package]]
name = "_0102"
version = "0.1.0"

[[package]]
name = "_0108"
version = "0.1.0"

[[package]]
name = "_0109"
version = "0.1.0"

[[package]]
name = "_1106"
version = "0.1.0"

[[package]]
name = "_114"
version = "0.1.0"

[[package]]
name = "_15"
version = "0.1.0"

[[package]]
name = "_1608"
version = "0.1.0"

[[package]]
name = "_1620"
version = "0.1.0"

[[package]]
name = "_1624"
version = "0.1.0"

[[package]]
name = "_1640"
version = "0.1.0"

[[package]]
name = "_1652"
version = "0.1.0"

[[package]]
name = "_1662"
version = "0.1.0"

[[package]]
name = "_1668"
version = "0.1.0"

[[package]]
name = "_1678"
version = "0.1.0"

[[package]]
name = "_1694"
version = "0.1.0"

[[package]]
name = "_17"
version = "0.1.0"

[[package]]
name = "_1704"
version = "0.1.0"

[[package]]
name = "_1710"
version = "0.1.0"

[[package]]
name = "_1732"
version = "0.1.0"

[[package]]
name = "_1742"
version = "0.1.0"

[[package]]
name = "_1752"
version = "0.1.0"

[[package]]
name = "_1758"
version = "0.1.0"

[[package]]
name = "_1769"
version = "0.1.0"

[[package]]
name = "_1779"
version = "0.1.0"

[[package]]
name = "_1784"
version = "0.1.0"

[[package]]
name = "_1796"
version = "0.1.0"

[[package]]
name = "_19"
version = "0.1.0"

[[package]]
name = "_2038"
version = "0.1.0"

[[package]]
name = "_207"
version = "0.1.0"

[[package]]
name = "_22"
version = "0.1.0"

[[package]]
name = "_23"
version = "0.1.0"

[[package]]
name = "_238"
version = "0.1.0"

[[package]]
name = "_287"
version = "0.1.0"

[[package]]
name = "_31"
version = "0.1.0"

[[package]]
name = "_312"
version = "0.1.0"

[[package]]
name = "_32"
version = "0.1.0"

[[package]]
name = "_33"
version = "0.1.0"

[[package]]
name = "_34"
version = "0.1.0"

[[package]]
name = "_42"
version = "0.1.0"

[[package]]
name = "_437"
version = "0.1.0"

[[package]]
name = "_438"
version = "0.1.0"

[[package]]
name = "_440"
version = "0.1.0"

[[package]]
name = "_448"
version = "0.1.0"

[[package]]
name = "_48"
version = "0.1.0"

[[package]]
name = "_494"
version = "0.1.0"

[[package]]
name = "_55"
version = "0.1.0"

[[package]]
name = "_599"
version = "0.1.0"

[[package]]
name = "_606"
version = "0.1.0"

[[package]]
name = "_617"
version = "0.1.0"

[[package]]
name = "_62"
version = "0.1.0"

[[package]]
name = "_653"
version = "0.1.0"

[[package]]
name = "_661"
version = "0.1.0"

[[package]]
name = "_670"
version = "0.1.0"

[[package]]
name = "_672"
version = "0.1.0"

[[package]]
name = "_70"
version = "0.1.0"

[[package]]
name = "_754"
version = "0.1.0"

[[package]]
name = "_764"
version = "0.1.0"

[[package]]
name = "_775"
version = "0.1.0"

[[package]]
name = "_790"
version = "0.1.0"

[[package]]
name = "_791"
version = "0.1.0"

[[package]]
name = "_795"
version = "0.1.0"

[[package]]
name = "_799"
version = "0.1.0"

[[package]]
name = "_805"
version = "0.1.0"

[[package]]
name = "_808"
version = "0.1.0"

[[package]]
name = "_809"
version = "0.1.0"

[[package]]
name = "_811"
version = "0.1.0"

[[package]]
name = "_816"
version = "0.1.0"

[[package]]
name = "_84"
version = "0.1.0"

[[package]]
name = "_85"
version = "0.1.0"

[[package]]
name = "_864"
version = "0.1.0"

[[package]]
name = "_878"
version = "0.1.0"

[[package]]
name = "_891"
version = "0.1.0"

[[package]]
name = "_915"
version = "0.1.0"

[[package]]
name = "_921"
version = "0.1.0"

[[package]]
name = "_934"
version = "0.1.0"

[[package]]
name = "_94"
version = "0.1.0"

[[package]]
name = "_96"
version = "0.1.0"
