# This file is automatically @generated by Cargo.
# It is not intended for manual editing.
version = 3

[[package]]
name = "_0102"
version = "0.1.0"

[[package]]
name = "_1608"
version = "0.1.0"

[[package]]
name = "_1624"
version = "0.1.0"

[[package]]
name = "_1640"
version = "0.1.0"

[[package]]
name = "_1652"
version = "0.1.0"

[[package]]
name = "_2038"
version = "0.1.0"

[[package]]
name = "_440"
version = "0.1.0"

[[package]]
name = "_599"
version = "0.1.0"

[[package]]
name = "_606"
version = "0.1.0"

[[package]]
name = "_653"
version = "0.1.0"

[[package]]
name = "_661"
version = "0.1.0"

[[package]]
name = "_670"
version = "0.1.0"

[[package]]
name = "_672"
version = "0.1.0"
